
Microsoft Visual Studio Solution File, Format Version 12.00
# Visual Studio Version 17
VisualStudioVersion = 17.3.32819.101
MinimumVisualStudioVersion = 10.0.40219.1
Project("{FAE04EC0-301F-11D3-BF4B-00C04F79EFBC}") = "Ab_Folio", "Ab_Folio\Ab_Folio.csproj", "{DD318838-3C5B-4DC8-AD25-DC7C3F014F90}"
EndProject
Global
	GlobalSection(SolutionConfigurationPlatforms) = preSolution
		Debug|Any CPU = Debug|Any CPU
		Release|Any CPU = Release|Any CPU
	EndGlobalSection
	GlobalSection(ProjectConfigurationPlatforms) = postSolution
		{DD318838-3C5B-4DC8-AD25-DC7C3F014F90}.Debug|Any CPU.ActiveCfg = Debug|Any CPU
		{DD318838-3C5B-4DC8-AD25-DC7C3F014F90}.Debug|Any CPU.Build.0 = Debug|Any CPU
		{DD318838-3C5B-4DC8-AD25-DC7C3F014F90}.Release|Any CPU.ActiveCfg = Release|Any CPU
		{DD318838-3C5B-4DC8-AD25-DC7C3F014F90}.Release|Any CPU.Build.0 = Release|Any CPU
	EndGlobalSection
	GlobalSection(SolutionProperties) = preSolution
		HideSolutionNode = FALSE
	EndGlobalSection
	GlobalSection(ExtensibilityGlobals) = postSolution
		SolutionGuid = {01FFF3B7-28FE-4D27-A62D-B89249DF5747}
	EndGlobalSection
EndGlobal
